
Microsoft Visual Studio Solution File, Format Version 12.00
# Visual Studio Version 16
VisualStudioVersion = 16.0.30907.101
MinimumVisualStudioVersion = 10.0.40219.1
Project("{9A19103F-16F7-4668-BE54-9A1E7A4F7556}") = "Kodlama_Io_WorkingPage", "Kodlama_Io_WorkingPage\Kodlama_Io_WorkingPage.csproj", "{F8297FF5-9AE0-4279-8165-23B6971229F5}"
EndProject
Project("{9A19103F-16F7-4668-BE54-9A1E7A4F7556}") = "Referance_Types", "Referance_Types\Referance_Types.csproj", "{47E1A325-D426-4845-AE6E-B34D7726FAAF}"
EndProject
Project("{9A19103F-16F7-4668-BE54-9A1E7A4F7556}") = "Constructor", "Constructor\Constructor.csproj", "{F5A7CF4F-22E6-4B24-96EB-CCE44EFDC3C0}"
EndProject
Project("{FAE04EC0-301F-11D3-BF4B-00C04F79EFBC}") = "Dictionary", "Dictionary\Dictionary.csproj", "{26C9EC49-51F2-431A-835C-6794B17AC2C8}"
EndProject
Project("{FAE04EC0-301F-11D3-BF4B-00C04F79EFBC}") = "MyList", "MyList\MyList.csproj", "{07E833CA-FB89-4047-A59A-A968670E1CEC}"
EndProject
Global
	GlobalSection(SolutionConfigurationPlatforms) = preSolution
		Debug|Any CPU = Debug|Any CPU
		Release|Any CPU = Release|Any CPU
	EndGlobalSection
	GlobalSection(ProjectConfigurationPlatforms) = postSolution
		{F8297FF5-9AE0-4279-8165-23B6971229F5}.Debug|Any CPU.ActiveCfg = Debug|Any CPU
		{F8297FF5-9AE0-4279-8165-23B6971229F5}.Debug|Any CPU.Build.0 = Debug|Any CPU
		{F8297FF5-9AE0-4279-8165-23B6971229F5}.Release|Any CPU.ActiveCfg = Release|Any CPU
		{F8297FF5-9AE0-4279-8165-23B6971229F5}.Release|Any CPU.Build.0 = Release|Any CPU
		{47E1A325-D426-4845-AE6E-B34D7726FAAF}.Debug|Any CPU.ActiveCfg = Debug|Any CPU
		{47E1A325-D426-4845-AE6E-B34D7726FAAF}.Debug|Any CPU.Build.0 = Debug|Any CPU
		{47E1A325-D426-4845-AE6E-B34D7726FAAF}.Release|Any CPU.ActiveCfg = Release|Any CPU
		{47E1A325-D426-4845-AE6E-B34D7726FAAF}.Release|Any CPU.Build.0 = Release|Any CPU
		{F5A7CF4F-22E6-4B24-96EB-CCE44EFDC3C0}.Debug|Any CPU.ActiveCfg = Debug|Any CPU
		{F5A7CF4F-22E6-4B24-96EB-CCE44EFDC3C0}.Debug|Any CPU.Build.0 = Debug|Any CPU
		{F5A7CF4F-22E6-4B24-96EB-CCE44EFDC3C0}.Release|Any CPU.ActiveCfg = Release|Any CPU
		{F5A7CF4F-22E6-4B24-96EB-CCE44EFDC3C0}.Release|Any CPU.Build.0 = Release|Any CPU
		{26C9EC49-51F2-431A-835C-6794B17AC2C8}.Debug|Any CPU.ActiveCfg = Debug|Any CPU
		{26C9EC49-51F2-431A-835C-6794B17AC2C8}.Debug|Any CPU.Build.0 = Debug|Any CPU
		{26C9EC49-51F2-431A-835C-6794B17AC2C8}.Release|Any CPU.ActiveCfg = Release|Any CPU
		{26C9EC49-51F2-431A-835C-6794B17AC2C8}.Release|Any CPU.Build.0 = Release|Any CPU
		{07E833CA-FB89-4047-A59A-A968670E1CEC}.Debug|Any CPU.ActiveCfg = Debug|Any CPU
		{07E833CA-FB89-4047-A59A-A968670E1CEC}.Debug|Any CPU.Build.0 = Debug|Any CPU
		{07E833CA-FB89-4047-A59A-A968670E1CEC}.Release|Any CPU.ActiveCfg = Release|Any CPU
		{07E833CA-FB89-4047-A59A-A968670E1CEC}.Release|Any CPU.Build.0 = Release|Any CPU
	EndGlobalSection
	GlobalSection(SolutionProperties) = preSolution
		HideSolutionNode = FALSE
	EndGlobalSection
	GlobalSection(ExtensibilityGlobals) = postSolution
		SolutionGuid = {2666EFC2-6350-4A91-96DE-93C398D28B03}
	EndGlobalSection
EndGlobal
